
Microsoft Visual Studio Solution File, Format Version 12.00
# Visual Studio Version 17
VisualStudioVersion = 17.14.36518.9 d17.14
MinimumVisualStudioVersion = 10.0.40219.1
Project("{FAE04EC0-301F-11D3-BF4B-00C04F79EFBC}") = "Fargo Spa and Wellness", "Fargo Spa and Wellness.csproj", "{BDB7EDCD-00BD-459C-AC7A-36CBED8C01F6}"
EndProject
Global
	GlobalSection(SolutionConfigurationPlatforms) = preSolution
		Debug|Any CPU = Debug|Any CPU
		Release|Any CPU = Release|Any CPU
	EndGlobalSection
	GlobalSection(ProjectConfigurationPlatforms) = postSolution
		{BDB7EDCD-00BD-459C-AC7A-36CBED8C01F6}.Debug|Any CPU.ActiveCfg = Debug|Any CPU
		{BDB7EDCD-00BD-459C-AC7A-36CBED8C01F6}.Debug|Any CPU.Build.0 = Debug|Any CPU
		{BDB7EDCD-00BD-459C-AC7A-36CBED8C01F6}.Release|Any CPU.ActiveCfg = Release|Any CPU
		{BDB7EDCD-00BD-459C-AC7A-36CBED8C01F6}.Release|Any CPU.Build.0 = Release|Any CPU
	EndGlobalSection
	GlobalSection(SolutionProperties) = preSolution
		HideSolutionNode = FALSE
	EndGlobalSection
	GlobalSection(ExtensibilityGlobals) = postSolution
		SolutionGuid = {94B68235-54FF-4D53-86CC-2D656FD1E75B}
	EndGlobalSection
EndGlobal
