
Microsoft Visual Studio Solution File, Format Version 12.00
# Visual Studio Version 17
VisualStudioVersion = 17.14.36518.9 d17.14
MinimumVisualStudioVersion = 10.0.40219.1
Project("{FAE04EC0-301F-11D3-BF4B-00C04F79EFBC}") = "Fargo Spa and Wellness", "Fargo Spa and Wellness.csproj", "{06F65C1C-07CE-4350-9C02-DC188364A026}"
EndProject
Global
	GlobalSection(SolutionConfigurationPlatforms) = preSolution
		Debug|Any CPU = Debug|Any CPU
		Release|Any CPU = Release|Any CPU
	EndGlobalSection
	GlobalSection(ProjectConfigurationPlatforms) = postSolution
		{06F65C1C-07CE-4350-9C02-DC188364A026}.Debug|Any CPU.ActiveCfg = Debug|Any CPU
		{06F65C1C-07CE-4350-9C02-DC188364A026}.Debug|Any CPU.Build.0 = Debug|Any CPU
		{06F65C1C-07CE-4350-9C02-DC188364A026}.Release|Any CPU.ActiveCfg = Release|Any CPU
		{06F65C1C-07CE-4350-9C02-DC188364A026}.Release|Any CPU.Build.0 = Release|Any CPU
	EndGlobalSection
	GlobalSection(SolutionProperties) = preSolution
		HideSolutionNode = FALSE
	EndGlobalSection
	GlobalSection(ExtensibilityGlobals) = postSolution
		SolutionGuid = {BD8ACE21-932B-4BD9-BC8A-91A44BD48407}
	EndGlobalSection
EndGlobal
